
Microsoft Visual Studio Solution File, Format Version 12.00
# Visual Studio Version 17
VisualStudioVersion = 17.14.37710.0
MinimumVisualStudioVersion = 10.0.40219.1
Project("{2150E333-8FDC-42A3-9474-1A3956D46DE8}") = "Task0", "Task0", "{02EA681E-C7D8-13C7-8484-4AC65E1B71E8}"
EndProject
Project("{FAE04EC0-301F-11D3-BF4B-00C04F79EFBC}") = "Tyuiu.BatalovAI.Sprint0.Task0.V0", "Tyuiu.BatalovAI.Sprint0.Task0.V0\Tyuiu.BatalovAI.Sprint0.Task0.V0.csproj", "{A8656895-BA27-4636-AFF8-9F14E47BEC67}"
EndProject
Project("{2150E333-8FDC-42A3-9474-1A3956D46DE8}") = "Task1", "Task1", "{C49767A3-9FF9-48D8-AC1D-295D49CA2EE6}"
EndProject
Project("{FAE04EC0-301F-11D3-BF4B-00C04F79EFBC}") = "Tyuiu.BatalovAISprint0.Task1.V0", "Tyuiu.BatalovAISprint0.Task1.V0\Tyuiu.BatalovAISprint0.Task1.V0.csproj", "{B2EDA746-8E25-4B23-A32C-0654C4AB94E4}"
EndProject
Project("{2150E333-8FDC-42A3-9474-1A3956D46DE8}") = "Task2", "Task2", "{489C2054-6044-4B7E-9B48-8E896B60BF25}"
EndProject
Project("{FAE04EC0-301F-11D3-BF4B-00C04F79EFBC}") = "Tyuiu.BatalovAI.Sprint0.Task2.V0", "Tyuiu.BatalovAI.Sprint0.Task2.V0\Tyuiu.BatalovAI.Sprint0.Task2.V0.csproj", "{9B577244-FC9C-4B77-8734-B337E4636910}"
EndProject
Project("{FAE04EC0-301F-11D3-BF4B-00C04F79EFBC}") = "Tyuiu.BatalovAI.Sprint0.Task2.V0.Lib", "Tyuiu.BatalovAI.Sprint0.Task2.V0.Lib\Tyuiu.BatalovAI.Sprint0.Task2.V0.Lib.csproj", "{DA4BC3D5-625E-46A6-9EFA-902D3D88A2E6}"
EndProject
Project("{FAE04EC0-301F-11D3-BF4B-00C04F79EFBC}") = "Tyuiu.BatalovAI.Sprint0.Task2.V0.Test", "Tyuiu.BatalovAI.Sprint0.Task2.V0.Test\Tyuiu.BatalovAI.Sprint0.Task2.V0.Test.csproj", "{F48095F6-A11D-44B0-8FC9-0405D362908B}"
EndProject
Project("{2150E333-8FDC-42A3-9474-1A3956D46DE8}") = "Task3", "Task3", "{81024190-EE2A-47E7-8632-D0CDE5CB1B10}"
EndProject
Project("{FAE04EC0-301F-11D3-BF4B-00C04F79EFBC}") = "Tyuiu.BatalovAI.Sprint0.Task3.V0", "Tyuiu.BatalovAI.Sprint0.Task3.V0\Tyuiu.BatalovAI.Sprint0.Task3.V0.csproj", "{D7C921AC-D93F-409A-A19B-C4E83FDC6F4C}"
EndProject
Project("{FAE04EC0-301F-11D3-BF4B-00C04F79EFBC}") = "Tyuiu.BatalovAI.Sprint0.Task3.V0.Lib", "Tyuiu.BatalovAI.Sprint0.Task3.V0.Lib\Tyuiu.BatalovAI.Sprint0.Task3.V0.Lib.csproj", "{01A6AD5B-3DBB-4811-9718-C0634428FA93}"
EndProject
Project("{FAE04EC0-301F-11D3-BF4B-00C04F79EFBC}") = "Tyuiu.BatalovAI.Sprint0.Task3.V0.Test", "Tyuiu.BatalovAI.Sprint0.Task3.V0.Test\Tyuiu.BatalovAI.Sprint0.Task3.V0.Test.csproj", "{DCC2E6F6-849F-4D30-A799-6C2B723F23B4}"
EndProject
Project("{2150E333-8FDC-42A3-9474-1A3956D46DE8}") = "Task4", "Task4", "{0F1057C0-6954-49E7-949E-F709D531A44E}"
EndProject
Project("{FAE04EC0-301F-11D3-BF4B-00C04F79EFBC}") = "Tyuiu.BatalovAI.Sprint0.Task4.V0", "Tyuiu.BatalovAI.Sprint0.Task4.V0\Tyuiu.BatalovAI.Sprint0.Task4.V0.csproj", "{55E32913-A672-41BB-9F19-5A71B4BAFE8D}"
EndProject
Project("{FAE04EC0-301F-11D3-BF4B-00C04F79EFBC}") = "Tyuiu.BatalovAI.Sprint0.Task4.V0.Lib", "Tyuiu.BatalovAI.Sprint0.Task4.V0.Lib\Tyuiu.BatalovAI.Sprint0.Task4.V0.Lib.csproj", "{0B34E081-C5BD-4110-9C30-6523FCEE45AD}"
EndProject
Project("{FAE04EC0-301F-11D3-BF4B-00C04F79EFBC}") = "Tyuiu.BatalovAI.Sprint0.Task4.V0.Test", "Tyuiu.BatalovAI.Sprint0.Task4.V0.Test\Tyuiu.BatalovAI.Sprint0.Task4.V0.Test.csproj", "{A80FB2C3-C921-42B4-B815-4DCE6C5FB524}"
EndProject
Project("{2150E333-8FDC-42A3-9474-1A3956D46DE8}") = "Task5", "Task5", "{BC4C877E-70F4-4D3D-A57B-EC4A7DA1A96E}"
EndProject
Project("{FAE04EC0-301F-11D3-BF4B-00C04F79EFBC}") = "Tyuiu.BatalovAI.Sprint0.Task5.V0", "Tyuiu.BatalovAI.Sprint0.Task5.V0\Tyuiu.BatalovAI.Sprint0.Task5.V0.csproj", "{54582E63-8B49-46B3-9BB3-D6DFFCD73408}"
EndProject
Project("{FAE04EC0-301F-11D3-BF4B-00C04F79EFBC}") = "Tyuiu.BatalovAI.Sprint0.Task5.V0.Lib", "Tyuiu.BatalovAI.Sprint0.Task5.V0.Lib\Tyuiu.BatalovAI.Sprint0.Task5.V0.Lib.csproj", "{9BABB06E-32CF-4B31-8D6A-493FAEBBD68B}"
EndProject
Project("{FAE04EC0-301F-11D3-BF4B-00C04F79EFBC}") = "Tyuiu.BatalovAI.Sprint0.Task5.V0.Test", "Tyuiu.BatalovAI.Sprint0.Task5.V0.Test\Tyuiu.BatalovAI.Sprint0.Task5.V0.Test.csproj", "{73D2BEB0-3BDD-42BC-B5E2-A89606F3EDC0}"
EndProject
Global
	GlobalSection(SolutionConfigurationPlatforms) = preSolution
		Debug|Any CPU = Debug|Any CPU
		Release|Any CPU = Release|Any CPU
	EndGlobalSection
	GlobalSection(ProjectConfigurationPlatforms) = postSolution
		{A8656895-BA27-4636-AFF8-9F14E47BEC67}.Debug|Any CPU.ActiveCfg = Debug|Any CPU
		{A8656895-BA27-4636-AFF8-9F14E47BEC67}.Debug|Any CPU.Build.0 = Debug|Any CPU
		{A8656895-BA27-4636-AFF8-9F14E47BEC67}.Release|Any CPU.ActiveCfg = Release|Any CPU
		{A8656895-BA27-4636-AFF8-9F14E47BEC67}.Release|Any CPU.Build.0 = Release|Any CPU
		{B2EDA746-8E25-4B23-A32C-0654C4AB94E4}.Debug|Any CPU.ActiveCfg = Debug|Any CPU
		{B2EDA746-8E25-4B23-A32C-0654C4AB94E4}.Debug|Any CPU.Build.0 = Debug|Any CPU
		{B2EDA746-8E25-4B23-A32C-0654C4AB94E4}.Release|Any CPU.ActiveCfg = Release|Any CPU
		{B2EDA746-8E25-4B23-A32C-0654C4AB94E4}.Release|Any CPU.Build.0 = Release|Any CPU
		{9B577244-FC9C-4B77-8734-B337E4636910}.Debug|Any CPU.ActiveCfg = Debug|Any CPU
		{9B577244-FC9C-4B77-8734-B337E4636910}.Debug|Any CPU.Build.0 = Debug|Any CPU
		{9B577244-FC9C-4B77-8734-B337E4636910}.Release|Any CPU.ActiveCfg = Release|Any CPU
		{9B577244-FC9C-4B77-8734-B337E4636910}.Release|Any CPU.Build.0 = Release|Any CPU
		{DA4BC3D5-625E-46A6-9EFA-902D3D88A2E6}.Debug|Any CPU.ActiveCfg = Debug|Any CPU
		{DA4BC3D5-625E-46A6-9EFA-902D3D88A2E6}.Debug|Any CPU.Build.0 = Debug|Any CPU
		{DA4BC3D5-625E-46A6-9EFA-902D3D88A2E6}.Release|Any CPU.ActiveCfg = Release|Any CPU
		{DA4BC3D5-625E-46A6-9EFA-902D3D88A2E6}.Release|Any CPU.Build.0 = Release|Any CPU
		{F48095F6-A11D-44B0-8FC9-0405D362908B}.Debug|Any CPU.ActiveCfg = Debug|Any CPU
		{F48095F6-A11D-44B0-8FC9-0405D362908B}.Debug|Any CPU.Build.0 = Debug|Any CPU
		{F48095F6-A11D-44B0-8FC9-0405D362908B}.Release|Any CPU.ActiveCfg = Release|Any CPU
		{F48095F6-A11D-44B0-8FC9-0405D362908B}.Release|Any CPU.Build.0 = Release|Any CPU
		{D7C921AC-D93F-409A-A19B-C4E83FDC6F4C}.Debug|Any CPU.ActiveCfg = Debug|Any CPU
		{D7C921AC-D93F-409A-A19B-C4E83FDC6F4C}.Debug|Any CPU.Build.0 = Debug|Any CPU
		{D7C921AC-D93F-409A-A19B-C4E83FDC6F4C}.Release|Any CPU.ActiveCfg = Release|Any CPU
		{D7C921AC-D93F-409A-A19B-C4E83FDC6F4C}.Release|Any CPU.Build.0 = Release|Any CPU
		{01A6AD5B-3DBB-4811-9718-C0634428FA93}.Debug|Any CPU.ActiveCfg = Debug|Any CPU
		{01A6AD5B-3DBB-4811-9718-C0634428FA93}.Debug|Any CPU.Build.0 = Debug|Any CPU
		{01A6AD5B-3DBB-4811-9718-C0634428FA93}.Release|Any CPU.ActiveCfg = Release|Any CPU
		{01A6AD5B-3DBB-4811-9718-C0634428FA93}.Release|Any CPU.Build.0 = Release|Any CPU
		{DCC2E6F6-849F-4D30-A799-6C2B723F23B4}.Debug|Any CPU.ActiveCfg = Debug|Any CPU
		{DCC2E6F6-849F-4D30-A799-6C2B723F23B4}.Debug|Any CPU.Build.0 = Debug|Any CPU
		{DCC2E6F6-849F-4D30-A799-6C2B723F23B4}.Release|Any CPU.ActiveCfg = Release|Any CPU
		{DCC2E6F6-849F-4D30-A799-6C2B723F23B4}.Release|Any CPU.Build.0 = Release|Any CPU
		{55E32913-A672-41BB-9F19-5A71B4BAFE8D}.Debug|Any CPU.ActiveCfg = Debug|Any CPU
		{55E32913-A672-41BB-9F19-5A71B4BAFE8D}.Debug|Any CPU.Build.0 = Debug|Any CPU
		{55E32913-A672-41BB-9F19-5A71B4BAFE8D}.Release|Any CPU.ActiveCfg = Release|Any CPU
		{55E32913-A672-41BB-9F19-5A71B4BAFE8D}.Release|Any CPU.Build.0 = Release|Any CPU
		{0B34E081-C5BD-4110-9C30-6523FCEE45AD}.Debug|Any CPU.ActiveCfg = Debug|Any CPU
		{0B34E081-C5BD-4110-9C30-6523FCEE45AD}.Debug|Any CPU.Build.0 = Debug|Any CPU
		{0B34E081-C5BD-4110-9C30-6523FCEE45AD}.Release|Any CPU.ActiveCfg = Release|Any CPU
		{0B34E081-C5BD-4110-9C30-6523FCEE45AD}.Release|Any CPU.Build.0 = Release|Any CPU
		{A80FB2C3-C921-42B4-B815-4DCE6C5FB524}.Debug|Any CPU.ActiveCfg = Debug|Any CPU
		{A80FB2C3-C921-42B4-B815-4DCE6C5FB524}.Debug|Any CPU.Build.0 = Debug|Any CPU
		{A80FB2C3-C921-42B4-B815-4DCE6C5FB524}.Release|Any CPU.ActiveCfg = Release|Any CPU
		{A80FB2C3-C921-42B4-B815-4DCE6C5FB524}.Release|Any CPU.Build.0 = Release|Any CPU
		{54582E63-8B49-46B3-9BB3-D6DFFCD73408}.Debug|Any CPU.ActiveCfg = Debug|Any CPU
		{54582E63-8B49-46B3-9BB3-D6DFFCD73408}.Debug|Any CPU.Build.0 = Debug|Any CPU
		{54582E63-8B49-46B3-9BB3-D6DFFCD73408}.Release|Any CPU.ActiveCfg = Release|Any CPU
		{54582E63-8B49-46B3-9BB3-D6DFFCD73408}.Release|Any CPU.Build.0 = Release|Any CPU
		{9BABB06E-32CF-4B31-8D6A-493FAEBBD68B}.Debug|Any CPU.ActiveCfg = Debug|Any CPU
		{9BABB06E-32CF-4B31-8D6A-493FAEBBD68B}.Debug|Any CPU.Build.0 = Debug|Any CPU
		{9BABB06E-32CF-4B31-8D6A-493FAEBBD68B}.Release|Any CPU.ActiveCfg = Release|Any CPU
		{9BABB06E-32CF-4B31-8D6A-493FAEBBD68B}.Release|Any CPU.Build.0 = Release|Any CPU
		{73D2BEB0-3BDD-42BC-B5E2-A89606F3EDC0}.Debug|Any CPU.ActiveCfg = Debug|Any CPU
		{73D2BEB0-3BDD-42BC-B5E2-A89606F3EDC0}.Debug|Any CPU.Build.0 = Debug|Any CPU
		{73D2BEB0-3BDD-42BC-B5E2-A89606F3EDC0}.Release|Any CPU.ActiveCfg = Release|Any CPU
		{73D2BEB0-3BDD-42BC-B5E2-A89606F3EDC0}.Release|Any CPU.Build.0 = Release|Any CPU
	EndGlobalSection
	GlobalSection(SolutionProperties) = preSolution
		HideSolutionNode = FALSE
	EndGlobalSection
	GlobalSection(NestedProjects) = preSolution
		{A8656895-BA27-4636-AFF8-9F14E47BEC67} = {02EA681E-C7D8-13C7-8484-4AC65E1B71E8}
		{B2EDA746-8E25-4B23-A32C-0654C4AB94E4} = {C49767A3-9FF9-48D8-AC1D-295D49CA2EE6}
		{9B577244-FC9C-4B77-8734-B337E4636910} = {489C2054-6044-4B7E-9B48-8E896B60BF25}
		{DA4BC3D5-625E-46A6-9EFA-902D3D88A2E6} = {489C2054-6044-4B7E-9B48-8E896B60BF25}
		{F48095F6-A11D-44B0-8FC9-0405D362908B} = {489C2054-6044-4B7E-9B48-8E896B60BF25}
		{D7C921AC-D93F-409A-A19B-C4E83FDC6F4C} = {81024190-EE2A-47E7-8632-D0CDE5CB1B10}
		{01A6AD5B-3DBB-4811-9718-C0634428FA93} = {81024190-EE2A-47E7-8632-D0CDE5CB1B10}
		{DCC2E6F6-849F-4D30-A799-6C2B723F23B4} = {81024190-EE2A-47E7-8632-D0CDE5CB1B10}
		{55E32913-A672-41BB-9F19-5A71B4BAFE8D} = {0F1057C0-6954-49E7-949E-F709D531A44E}
		{0B34E081-C5BD-4110-9C30-6523FCEE45AD} = {0F1057C0-6954-49E7-949E-F709D531A44E}
		{A80FB2C3-C921-42B4-B815-4DCE6C5FB524} = {0F1057C0-6954-49E7-949E-F709D531A44E}
		{54582E63-8B49-46B3-9BB3-D6DFFCD73408} = {BC4C877E-70F4-4D3D-A57B-EC4A7DA1A96E}
		{9BABB06E-32CF-4B31-8D6A-493FAEBBD68B} = {BC4C877E-70F4-4D3D-A57B-EC4A7DA1A96E}
		{73D2BEB0-3BDD-42BC-B5E2-A89606F3EDC0} = {BC4C877E-70F4-4D3D-A57B-EC4A7DA1A96E}
	EndGlobalSection
	GlobalSection(ExtensibilityGlobals) = postSolution
		SolutionGuid = {1D993021-0D23-4DED-BC25-08A2AAE7BDAE}
	EndGlobalSection
EndGlobal
